
Microsoft Visual Studio Solution File, Format Version 12.00
# Visual Studio Version 17
VisualStudioVersion = 17.9.34723.18
MinimumVisualStudioVersion = 10.0.40219.1
Project("{FAE04EC0-301F-11D3-BF4B-00C04F79EFBC}") = "MoniGuardAPI", "MoniGuardAPI\MoniGuardAPI.csproj", "{FF25537F-03EE-429E-9030-1F74F7C1BD83}"
EndProject
Global
	GlobalSection(SolutionConfigurationPlatforms) = preSolution
		Debug|Any CPU = Debug|Any CPU
		Release|Any CPU = Release|Any CPU
	EndGlobalSection
	GlobalSection(ProjectConfigurationPlatforms) = postSolution
		{FF25537F-03EE-429E-9030-1F74F7C1BD83}.Debug|Any CPU.ActiveCfg = Debug|Any CPU
		{FF25537F-03EE-429E-9030-1F74F7C1BD83}.Debug|Any CPU.Build.0 = Debug|Any CPU
		{FF25537F-03EE-429E-9030-1F74F7C1BD83}.Release|Any CPU.ActiveCfg = Release|Any CPU
		{FF25537F-03EE-429E-9030-1F74F7C1BD83}.Release|Any CPU.Build.0 = Release|Any CPU
	EndGlobalSection
	GlobalSection(SolutionProperties) = preSolution
		HideSolutionNode = FALSE
	EndGlobalSection
	GlobalSection(ExtensibilityGlobals) = postSolution
		SolutionGuid = {7FF14B0F-63B9-4F37-ACE4-09D0C8B1F62B}
	EndGlobalSection
EndGlobal
